
Microsoft Visual Studio Solution File, Format Version 12.00
# Visual Studio Version 16
VisualStudioVersion = 16.0.31205.134
MinimumVisualStudioVersion = 10.0.40219.1
Project("{FAE04EC0-301F-11D3-BF4B-00C04F79EFBC}") = "Entities", "Entities\Entities.csproj", "{225A712C-9C69-4BB3-B672-2EF1C1847104}"
EndProject
Project("{FAE04EC0-301F-11D3-BF4B-00C04F79EFBC}") = "Repository", "Repository\Repository.csproj", "{153C6077-A772-4760-BDC2-FED92A09E20F}"
EndProject
Project("{FAE04EC0-301F-11D3-BF4B-00C04F79EFBC}") = "Services", "Services\Services.csproj", "{11D2CECC-8D84-4FDE-AD95-423BF71A3C58}"
EndProject
Project("{FAE04EC0-301F-11D3-BF4B-00C04F79EFBC}") = "UI", "UI\UI.csproj", "{EE02F5F3-2ADE-4608-BB7C-B262C440B0CE}"
EndProject
Project("{00D1A9C2-B5F0-4AF3-8072-F6C62B433612}") = "Database", "Database\Database.sqlproj", "{911B17D1-D69D-4795-85DE-B07A9CBF4614}"
EndProject
Project("{FAE04EC0-301F-11D3-BF4B-00C04F79EFBC}") = "Common", "Common\Common.csproj", "{61D6BCE5-C29E-48C9-ABCA-F1AB549A98FD}"
EndProject
Global
	GlobalSection(SolutionConfigurationPlatforms) = preSolution
		Debug|Any CPU = Debug|Any CPU
		Release|Any CPU = Release|Any CPU
	EndGlobalSection
	GlobalSection(ProjectConfigurationPlatforms) = postSolution
		{225A712C-9C69-4BB3-B672-2EF1C1847104}.Debug|Any CPU.ActiveCfg = Debug|Any CPU
		{225A712C-9C69-4BB3-B672-2EF1C1847104}.Debug|Any CPU.Build.0 = Debug|Any CPU
		{225A712C-9C69-4BB3-B672-2EF1C1847104}.Release|Any CPU.ActiveCfg = Release|Any CPU
		{225A712C-9C69-4BB3-B672-2EF1C1847104}.Release|Any CPU.Build.0 = Release|Any CPU
		{153C6077-A772-4760-BDC2-FED92A09E20F}.Debug|Any CPU.ActiveCfg = Debug|Any CPU
		{153C6077-A772-4760-BDC2-FED92A09E20F}.Debug|Any CPU.Build.0 = Debug|Any CPU
		{153C6077-A772-4760-BDC2-FED92A09E20F}.Release|Any CPU.ActiveCfg = Release|Any CPU
		{153C6077-A772-4760-BDC2-FED92A09E20F}.Release|Any CPU.Build.0 = Release|Any CPU
		{11D2CECC-8D84-4FDE-AD95-423BF71A3C58}.Debug|Any CPU.ActiveCfg = Debug|Any CPU
		{11D2CECC-8D84-4FDE-AD95-423BF71A3C58}.Debug|Any CPU.Build.0 = Debug|Any CPU
		{11D2CECC-8D84-4FDE-AD95-423BF71A3C58}.Release|Any CPU.ActiveCfg = Release|Any CPU
		{11D2CECC-8D84-4FDE-AD95-423BF71A3C58}.Release|Any CPU.Build.0 = Release|Any CPU
		{EE02F5F3-2ADE-4608-BB7C-B262C440B0CE}.Debug|Any CPU.ActiveCfg = Debug|Any CPU
		{EE02F5F3-2ADE-4608-BB7C-B262C440B0CE}.Debug|Any CPU.Build.0 = Debug|Any CPU
		{EE02F5F3-2ADE-4608-BB7C-B262C440B0CE}.Release|Any CPU.ActiveCfg = Release|Any CPU
		{EE02F5F3-2ADE-4608-BB7C-B262C440B0CE}.Release|Any CPU.Build.0 = Release|Any CPU
		{911B17D1-D69D-4795-85DE-B07A9CBF4614}.Debug|Any CPU.ActiveCfg = Debug|Any CPU
		{911B17D1-D69D-4795-85DE-B07A9CBF4614}.Debug|Any CPU.Build.0 = Debug|Any CPU
		{911B17D1-D69D-4795-85DE-B07A9CBF4614}.Debug|Any CPU.Deploy.0 = Debug|Any CPU
		{911B17D1-D69D-4795-85DE-B07A9CBF4614}.Release|Any CPU.ActiveCfg = Release|Any CPU
		{911B17D1-D69D-4795-85DE-B07A9CBF4614}.Release|Any CPU.Build.0 = Release|Any CPU
		{911B17D1-D69D-4795-85DE-B07A9CBF4614}.Release|Any CPU.Deploy.0 = Release|Any CPU
		{61D6BCE5-C29E-48C9-ABCA-F1AB549A98FD}.Debug|Any CPU.ActiveCfg = Debug|Any CPU
		{61D6BCE5-C29E-48C9-ABCA-F1AB549A98FD}.Debug|Any CPU.Build.0 = Debug|Any CPU
		{61D6BCE5-C29E-48C9-ABCA-F1AB549A98FD}.Release|Any CPU.ActiveCfg = Release|Any CPU
		{61D6BCE5-C29E-48C9-ABCA-F1AB549A98FD}.Release|Any CPU.Build.0 = Release|Any CPU
	EndGlobalSection
	GlobalSection(SolutionProperties) = preSolution
		HideSolutionNode = FALSE
	EndGlobalSection
	GlobalSection(ExtensibilityGlobals) = postSolution
		SolutionGuid = {14AB7AC0-9D3E-4C9E-801B-78ECE0890F1A}
	EndGlobalSection
EndGlobal
